// !$*UTF8*$!
{
	archiveVersion = 1;
	classes = {
	};
	objectVersion = 56;
	objects = {

/* Begin PBXBuildFile section */
		D34465F62B51C65400298C41 /* StepViewerLiteApp.swift in Sources */ = {isa = PBXBuildFile; fileRef = D34465F52B51C65400298C41 /* StepViewerLiteApp.swift */; };
		D34465F82B51C65400298C41 /* ContentView.swift in Sources */ = {isa = PBXBuildFile; fileRef = D34465F72B51C65400298C41 /* ContentView.swift */; };
		D34465FA2B51C65600298C41 /* Assets.xcassets in Resources */ = {isa = PBXBuildFile; fileRef = D34465F92B51C65600298C41 /* Assets.xcassets */; };
		D34465FD2B51C65600298C41 /* Preview Assets.xcassets in Resources */ = {isa = PBXBuildFile; fileRef = D34465FC2B51C65600298C41 /* Preview Assets.xcassets */; };
		D34466072B51C65600298C41 /* StepViewerLiteTests.swift in Sources */ = {isa = PBXBuildFile; fileRef = D34466062B51C65600298C41 /* StepViewerLiteTests.swift */; };
		D34466112B51C65600298C41 /* StepViewerLiteUITests.swift in Sources */ = {isa = PBXBuildFile; fileRef = D34466102B51C65600298C41 /* StepViewerLiteUITests.swift */; };
		D34466132B51C65600298C41 /* StepViewerLiteUITestsLaunchTests.swift in Sources */ = {isa = PBXBuildFile; fileRef = D34466122B51C65600298C41 /* StepViewerLiteUITestsLaunchTests.swift */; };
/* End PBXBuildFile section */

/* Begin PBXContainerItemProxy section */
		D34466032B51C65600298C41 /* PBXContainerItemProxy */ = {
			isa = PBXContainerItemProxy;
			containerPortal = D34465EA2B51C65400298C41 /* Project object */;
			proxyType = 1;
			remoteGlobalIDString = D34465F12B51C65400298C41;
			remoteInfo = StepViewerLite;
		};
		D344660D2B51C65600298C41 /* PBXContainerItemProxy */ = {
			isa = PBXContainerItemProxy;
			containerPortal = D34465EA2B51C65400298C41 /* Project object */;
			proxyType = 1;
			remoteGlobalIDString = D34465F12B51C65400298C41;
			remoteInfo = StepViewerLite;
		};
/* End PBXContainerItemProxy section */

/* Begin PBXFileReference section */
		D34465F22B51C65400298C41 /* StepViewerLite.app */ = {isa = PBXFileReference; explicitFileType = wrapper.application; includeInIndex = 0; path = StepViewerLite.app; sourceTree = BUILT_PRODUCTS_DIR; };
		D34465F52B51C65400298C41 /* StepViewerLiteApp.swift */ = {isa = PBXFileReference; lastKnownFileType = sourcecode.swift; path = StepViewerLiteApp.swift; sourceTree = "<group>"; };
		D34465F72B51C65400298C41 /* ContentView.swift */ = {isa = PBXFileReference; lastKnownFileType = sourcecode.swift; path = ContentView.swift; sourceTree = "<group>"; };
		D34465F92B51C65600298C41 /* Assets.xcassets */ = {isa = PBXFileReference; lastKnownFileType = folder.assetcatalog; path = Assets.xcassets; sourceTree = "<group>"; };
		D34465FC2B51C65600298C41 /* Preview Assets.xcassets */ = {isa = PBXFileReference; lastKnownFileType = folder.assetcatalog; path = "Preview Assets.xcassets"; sourceTree = "<group>"; };
		D34466022B51C65600298C41 /* StepViewerLiteTests.xctest */ = {isa = PBXFileReference; explicitFileType = wrapper.cfbundle; includeInIndex = 0; path = StepViewerLiteTests.xctest; sourceTree = BUILT_PRODUCTS_DIR; };
		D34466062B51C65600298C41 /* StepViewerLiteTests.swift */ = {isa = PBXFileReference; lastKnownFileType = sourcecode.swift; path = StepViewerLiteTests.swift; sourceTree = "<group>"; };
		D344660C2B51C65600298C41 /* StepViewerLiteUITests.xctest */ = {isa = PBXFileReference; explicitFileType = wrapper.cfbundle; includeInIndex = 0; path = StepViewerLiteUITests.xctest; sourceTree = BUILT_PRODUCTS_DIR; };
		D34466102B51C65600298C41 /* StepViewerLiteUITests.swift */ = {isa = PBXFileReference; lastKnownFileType = sourcecode.swift; path = StepViewerLiteUITests.swift; sourceTree = "<group>"; };
		D34466122B51C65600298C41 /* StepViewerLiteUITestsLaunchTests.swift */ = {isa = PBXFileReference; lastKnownFileType = sourcecode.swift; path = StepViewerLiteUITestsLaunchTests.swift; sourceTree = "<group>"; };
/* End PBXFileReference section */

/* Begin PBXFrameworksBuildPhase section */
		D34465EF2B51C65400298C41 /* Frameworks */ = {
			isa = PBXFrameworksBuildPhase;
			buildActionMask = 2147483647;
			files = (
			);
			runOnlyForDeploymentPostprocessing = 0;
		};
		D34465FF2B51C65600298C41 /* Frameworks */ = {
			isa = PBXFrameworksBuildPhase;
			buildActionMask = 2147483647;
			files = (
			);
			runOnlyForDeploymentPostprocessing = 0;
		};
		D34466092B51C65600298C41 /* Frameworks */ = {
			isa = PBXFrameworksBuildPhase;
			buildActionMask = 2147483647;
			files = (
			);
			runOnlyForDeploymentPostprocessing = 0;
		};
/* End PBXFrameworksBuildPhase section */

/* Begin PBXGroup section */
		D34465E92B51C65400298C41 = {
			isa = PBXGroup;
			children = (
				D34465F42B51C65400298C41 /* StepViewerLite */,
				D34466052B51C65600298C41 /* StepViewerLiteTests */,
				D344660F2B51C65600298C41 /* StepViewerLiteUITests */,
				D34465F32B51C65400298C41 /* Products */,
			);
			sourceTree = "<group>";
		};
		D34465F32B51C65400298C41 /* Products */ = {
			isa = PBXGroup;
			children = (
				D34465F22B51C65400298C41 /* StepViewerLite.app */,
				D34466022B51C65600298C41 /* StepViewerLiteTests.xctest */,
				D344660C2B51C65600298C41 /* StepViewerLiteUITests.xctest */,
			);
			name = Products;
			sourceTree = "<group>";
		};
		D34465F42B51C65400298C41 /* StepViewerLite */ = {
			isa = PBXGroup;
			children = (
				D34465F52B51C65400298C41 /* StepViewerLiteApp.swift */,
				D34465F72B51C65400298C41 /* ContentView.swift */,
				D34465F92B51C65600298C41 /* Assets.xcassets */,
				D34465FB2B51C65600298C41 /* Preview Content */,
			);
			path = StepViewerLite;
			sourceTree = "<group>";
		};
		D34465FB2B51C65600298C41 /* Preview Content */ = {
			isa = PBXGroup;
			children = (
				D34465FC2B51C65600298C41 /* Preview Assets.xcassets */,
			);
			path = "Preview Content";
			sourceTree = "<group>";
		};
		D34466052B51C65600298C41 /* StepViewerLiteTests */ = {
			isa = PBXGroup;
			children = (
				D34466062B51C65600298C41 /* StepViewerLiteTests.swift */,
			);
			path = StepViewerLiteTests;
			sourceTree = "<group>";
		};
		D344660F2B51C65600298C41 /* StepViewerLiteUITests */ = {
			isa = PBXGroup;
			children = (
				D34466102B51C65600298C41 /* StepViewerLiteUITests.swift */,
				D34466122B51C65600298C41 /* StepViewerLiteUITestsLaunchTests.swift */,
			);
			path = StepViewerLiteUITests;
			sourceTree = "<group>";
		};
/* End PBXGroup section */

/* Begin PBXNativeTarget section */
		D34465F12B51C65400298C41 /* StepViewerLite */ = {
			isa = PBXNativeTarget;
			buildConfigurationList = D34466162B51C65600298C41 /* Build configuration list for PBXNativeTarget "StepViewerLite" */;
			buildPhases = (
				D34465EE2B51C65400298C41 /* Sources */,
				D34465EF2B51C65400298C41 /* Frameworks */,
				D34465F02B51C65400298C41 /* Resources */,
			);
			buildRules = (
			);
			dependencies = (
			);
			name = StepViewerLite;
			productName = StepViewerLite;
			productReference = D34465F22B51C65400298C41 /* StepViewerLite.app */;
			productType = "com.apple.product-type.application";
		};
		D34466012B51C65600298C41 /* StepViewerLiteTests */ = {
			isa = PBXNativeTarget;
			buildConfigurationList = D34466192B51C65600298C41 /* Build configuration list for PBXNativeTarget "StepViewerLiteTests" */;
			buildPhases = (
				D34465FE2B51C65600298C41 /* Sources */,
				D34465FF2B51C65600298C41 /* Frameworks */,
				D34466002B51C65600298C41 /* Resources */,
			);
			buildRules = (
			);
			dependencies = (
				D34466042B51C65600298C41 /* PBXTargetDependency */,
			);
			name = StepViewerLiteTests;
			productName = StepViewerLiteTests;
			productReference = D34466022B51C65600298C41 /* StepViewerLiteTests.xctest */;
			productType = "com.apple.product-type.bundle.unit-test";
		};
		D344660B2B51C65600298C41 /* StepViewerLiteUITests */ = {
			isa = PBXNativeTarget;
			buildConfigurationList = D344661C2B51C65600298C41 /* Build configuration list for PBXNativeTarget "StepViewerLiteUITests" */;
			buildPhases = (
				D34466082B51C65600298C41 /* Sources */,
				D34466092B51C65600298C41 /* Frameworks */,
				D344660A2B51C65600298C41 /* Resources */,
			);
			buildRules = (
			);
			dependencies = (
				D344660E2B51C65600298C41 /* PBXTargetDependency */,
			);
			name = StepViewerLiteUITests;
			productName = StepViewerLiteUITests;
			productReference = D344660C2B51C65600298C41 /* StepViewerLiteUITests.xctest */;
			productType = "com.apple.product-type.bundle.ui-testing";
		};
/* End PBXNativeTarget section */

/* Begin PBXProject section */
		D34465EA2B51C65400298C41 /* Project object */ = {
			isa = PBXProject;
			attributes = {
				BuildIndependentTargetsInParallel = 1;
				LastSwiftUpdateCheck = 1520;
				LastUpgradeCheck = 1520;
				TargetAttributes = {
					D34465F12B51C65400298C41 = {
						CreatedOnToolsVersion = 15.2;
					};
					D34466012B51C65600298C41 = {
						CreatedOnToolsVersion = 15.2;
						TestTargetID = D34465F12B51C65400298C41;
					};
					D344660B2B51C65600298C41 = {
						CreatedOnToolsVersion = 15.2;
						TestTargetID = D34465F12B51C65400298C41;
					};
				};
			};
			buildConfigurationList = D34465ED2B51C65400298C41 /* Build configuration list for PBXProject "StepViewerLite" */;
			compatibilityVersion = "Xcode 14.0";
			developmentRegion = en;
			hasScannedForEncodings = 0;
			knownRegions = (
				en,
				Base,
			);
			mainGroup = D34465E92B51C65400298C41;
			productRefGroup = D34465F32B51C65400298C41 /* Products */;
			projectDirPath = "";
			projectRoot = "";
			targets = (
				D34465F12B51C65400298C41 /* StepViewerLite */,
				D34466012B51C65600298C41 /* StepViewerLiteTests */,
				D344660B2B51C65600298C41 /* StepViewerLiteUITests */,
			);
		};
/* End PBXProject section */

/* Begin PBXResourcesBuildPhase section */
		D34465F02B51C65400298C41 /* Resources */ = {
			isa = PBXResourcesBuildPhase;
			buildActionMask = 2147483647;
			files = (
				D34465FD2B51C65600298C41 /* Preview Assets.xcassets in Resources */,
				D34465FA2B51C65600298C41 /* Assets.xcassets in Resources */,
			);
			runOnlyForDeploymentPostprocessing = 0;
		};
		D34466002B51C65600298C41 /* Resources */ = {
			isa = PBXResourcesBuildPhase;
			buildActionMask = 2147483647;
			files = (
			);
			runOnlyForDeploymentPostprocessing = 0;
		};
		D344660A2B51C65600298C41 /* Resources */ = {
			isa = PBXResourcesBuildPhase;
			buildActionMask = 2147483647;
			files = (
			);
			runOnlyForDeploymentPostprocessing = 0;
		};
/* End PBXResourcesBuildPhase section */

/* Begin PBXSourcesBuildPhase section */
		D34465EE2B51C65400298C41 /* Sources */ = {
			isa = PBXSourcesBuildPhase;
			buildActionMask = 2147483647;
			files = (
				D34465F82B51C65400298C41 /* ContentView.swift in Sources */,
				D34465F62B51C65400298C41 /* StepViewerLiteApp.swift in Sources */,
			);
			runOnlyForDeploymentPostprocessing = 0;
		};
		D34465FE2B51C65600298C41 /* Sources */ = {
			isa = PBXSourcesBuildPhase;
			buildActionMask = 2147483647;
			files = (
				D34466072B51C65600298C41 /* StepViewerLiteTests.swift in Sources */,
			);
			runOnlyForDeploymentPostprocessing = 0;
		};
		D34466082B51C65600298C41 /* Sources */ = {
			isa = PBXSourcesBuildPhase;
			buildActionMask = 2147483647;
			files = (
				D34466132B51C65600298C41 /* StepViewerLiteUITestsLaunchTests.swift in Sources */,
				D34466112B51C65600298C41 /* StepViewerLiteUITests.swift in Sources */,
			);
			runOnlyForDeploymentPostprocessing = 0;
		};
/* End PBXSourcesBuildPhase section */

/* Begin PBXTargetDependency section */
		D34466042B51C65600298C41 /* PBXTargetDependency */ = {
			isa = PBXTargetDependency;
			target = D34465F12B51C65400298C41 /* StepViewerLite */;
			targetProxy = D34466032B51C65600298C41 /* PBXContainerItemProxy */;
		};
		D344660E2B51C65600298C41 /* PBXTargetDependency */ = {
			isa = PBXTargetDependency;
			target = D34465F12B51C65400298C41 /* StepViewerLite */;
			targetProxy = D344660D2B51C65600298C41 /* PBXContainerItemProxy */;
		};
/* End PBXTargetDependency section */

/* Begin XCBuildConfiguration section */
		D34466142B51C65600298C41 /* Debug */ = {
			isa = XCBuildConfiguration;
			buildSettings = {
				ALWAYS_SEARCH_USER_PATHS = NO;
				ASSETCATALOG_COMPILER_GENERATE_SWIFT_ASSET_SYMBOL_EXTENSIONS = YES;
				CLANG_ANALYZER_NONNULL = YES;
				CLANG_ANALYZER_NUMBER_OBJECT_CONVERSION = YES_AGGRESSIVE;
				CLANG_CXX_LANGUAGE_STANDARD = "gnu++20";
				CLANG_ENABLE_MODULES = YES;
				CLANG_ENABLE_OBJC_ARC = YES;
				CLANG_ENABLE_OBJC_WEAK = YES;
				CLANG_WARN_BLOCK_CAPTURE_AUTORELEASING = YES;
				CLANG_WARN_BOOL_CONVERSION = YES;
				CLANG_WARN_COMMA = YES;
				CLANG_WARN_CONSTANT_CONVERSION = YES;
				CLANG_WARN_DEPRECATED_OBJC_IMPLEMENTATIONS = YES;
				CLANG_WARN_DIRECT_OBJC_ISA_USAGE = YES_ERROR;
				CLANG_WARN_DOCUMENTATION_COMMENTS = YES;
				CLANG_WARN_EMPTY_BODY = YES;
				CLANG_WARN_ENUM_CONVERSION = YES;
				CLANG_WARN_INFINITE_RECURSION = YES;
				CLANG_WARN_INT_CONVERSION = YES;
				CLANG_WARN_NON_LITERAL_NULL_CONVERSION = YES;
				CLANG_WARN_OBJC_IMPLICIT_RETAIN_SELF = YES;
				CLANG_WARN_OBJC_LITERAL_CONVERSION = YES;
				CLANG_WARN_OBJC_ROOT_CLASS = YES_ERROR;
				CLANG_WARN_QUOTED_INCLUDE_IN_FRAMEWORK_HEADER = YES;
				CLANG_WARN_RANGE_LOOP_ANALYSIS = YES;
				CLANG_WARN_STRICT_PROTOTYPES = YES;
				CLANG_WARN_SUSPICIOUS_MOVE = YES;
				CLANG_WARN_UNGUARDED_AVAILABILITY = YES_AGGRESSIVE;
				CLANG_WARN_UNREACHABLE_CODE = YES;
				CLANG_WARN__DUPLICATE_METHOD_MATCH = YES;
				COPY_PHASE_STRIP = NO;
				DEBUG_INFORMATION_FORMAT = dwarf;
				ENABLE_STRICT_OBJC_MSGSEND = YES;
				ENABLE_TESTABILITY = YES;
				ENABLE_USER_SCRIPT_SANDBOXING = YES;
				GCC_C_LANGUAGE_STANDARD = gnu17;
				GCC_DYNAMIC_NO_PIC = NO;
				GCC_NO_COMMON_BLOCKS = YES;
				GCC_OPTIMIZATION_LEVEL = 0;
				GCC_PREPROCESSOR_DEFINITIONS = (
					"DEBUG=1",
					"$(inherited)",
				);
				GCC_WARN_64_TO_32_BIT_CONVERSION = YES;
				GCC_WARN_ABOUT_RETURN_TYPE = YES_ERROR;
				GCC_WARN_UNDECLARED_SELECTOR = YES;
				GCC_WARN_UNINITIALIZED_AUTOS = YES_AGGRESSIVE;
				GCC_WARN_UNUSED_FUNCTION = YES;
				GCC_WARN_UNUSED_VARIABLE = YES;
				IPHONEOS_DEPLOYMENT_TARGET = 17.2;
				LOCALIZATION_PREFERS_STRING_CATALOGS = YES;
				MTL_ENABLE_DEBUG_INFO = INCLUDE_SOURCE;
				MTL_FAST_MATH = YES;
				ONLY_ACTIVE_ARCH = YES;
				SDKROOT = iphoneos;
				SWIFT_ACTIVE_COMPILATION_CONDITIONS = "DEBUG $(inherited)";
				SWIFT_OPTIMIZATION_LEVEL = "-Onone";
			};
			name = Debug;
		};
		D34466152B51C65600298C41 /* Release */ = {
			isa = XCBuildConfiguration;
			buildSettings = {
				ALWAYS_SEARCH_USER_PATHS = NO;
				ASSETCATALOG_COMPILER_GENERATE_SWIFT_ASSET_SYMBOL_EXTENSIONS = YES;
				CLANG_ANALYZER_NONNULL = YES;
				CLANG_ANALYZER_NUMBER_OBJECT_CONVERSION = YES_AGGRESSIVE;
				CLANG_CXX_LANGUAGE_STANDARD = "gnu++20";
				CLANG_ENABLE_MODULES = YES;
				CLANG_ENABLE_OBJC_ARC = YES;
				CLANG_ENABLE_OBJC_WEAK = YES;
				CLANG_WARN_BLOCK_CAPTURE_AUTORELEASING = YES;
				CLANG_WARN_BOOL_CONVERSION = YES;
				CLANG_WARN_COMMA = YES;
				CLANG_WARN_CONSTANT_CONVERSION = YES;
				CLANG_WARN_DEPRECATED_OBJC_IMPLEMENTATIONS = YES;
				CLANG_WARN_DIRECT_OBJC_ISA_USAGE = YES_ERROR;
				CLANG_WARN_DOCUMENTATION_COMMENTS = YES;
				CLANG_WARN_EMPTY_BODY = YES;
				CLANG_WARN_ENUM_CONVERSION = YES;
				CLANG_WARN_INFINITE_RECURSION = YES;
				CLANG_WARN_INT_CONVERSION = YES;
				CLANG_WARN_NON_LITERAL_NULL_CONVERSION = YES;
				CLANG_WARN_OBJC_IMPLICIT_RETAIN_SELF = YES;
				CLANG_WARN_OBJC_LITERAL_CONVERSION = YES;
				CLANG_WARN_OBJC_ROOT_CLASS = YES_ERROR;
				CLANG_WARN_QUOTED_INCLUDE_IN_FRAMEWORK_HEADER = YES;
				CLANG_WARN_RANGE_LOOP_ANALYSIS = YES;
				CLANG_WARN_STRICT_PROTOTYPES = YES;
				CLANG_WARN_SUSPICIOUS_MOVE = YES;
				CLANG_WARN_UNGUARDED_AVAILABILITY = YES_AGGRESSIVE;
				CLANG_WARN_UNREACHABLE_CODE = YES;
				CLANG_WARN__DUPLICATE_METHOD_MATCH = YES;
				COPY_PHASE_STRIP = NO;
				DEBUG_INFORMATION_FORMAT = "dwarf-with-dsym";
				ENABLE_NS_ASSERTIONS = NO;
				ENABLE_STRICT_OBJC_MSGSEND = YES;
				ENABLE_USER_SCRIPT_SANDBOXING = YES;
				GCC_C_LANGUAGE_STANDARD = gnu17;
				GCC_NO_COMMON_BLOCKS = YES;
				GCC_WARN_64_TO_32_BIT_CONVERSION = YES;
				GCC_WARN_ABOUT_RETURN_TYPE = YES_ERROR;
				GCC_WARN_UNDECLARED_SELECTOR = YES;
				GCC_WARN_UNINITIALIZED_AUTOS = YES_AGGRESSIVE;
				GCC_WARN_UNUSED_FUNCTION = YES;
				GCC_WARN_UNUSED_VARIABLE = YES;
				IPHONEOS_DEPLOYMENT_TARGET = 17.2;
				LOCALIZATION_PREFERS_STRING_CATALOGS = YES;
				MTL_ENABLE_DEBUG_INFO = NO;
				MTL_FAST_MATH = YES;
				SDKROOT = iphoneos;
				SWIFT_COMPILATION_MODE = wholemodule;
				VALIDATE_PRODUCT = YES;
			};
			name = Release;
		};
		D34466172B51C65600298C41 /* Debug */ = {
			isa = XCBuildConfiguration;
			buildSettings = {
				ASSETCATALOG_COMPILER_APPICON_NAME = AppIcon;
				ASSETCATALOG_COMPILER_GLOBAL_ACCENT_COLOR_NAME = AccentColor;
				CODE_SIGN_STYLE = Automatic;
				CURRENT_PROJECT_VERSION = 1;
				DEVELOPMENT_ASSET_PATHS = "\"StepViewerLite/Preview Content\"";
				DEVELOPMENT_TEAM = PCW2789YWT;
				ENABLE_PREVIEWS = YES;
				GENERATE_INFOPLIST_FILE = YES;
				INFOPLIST_KEY_NSMotionUsageDescription = "StepViewerLite needs to access your device's motion data to show your steps.";
				INFOPLIST_KEY_UIApplicationSceneManifest_Generation = YES;
				INFOPLIST_KEY_UIApplicationSupportsIndirectInputEvents = YES;
				INFOPLIST_KEY_UILaunchScreen_Generation = YES;
				INFOPLIST_KEY_UISupportedInterfaceOrientations_iPad = "UIInterfaceOrientationPortrait UIInterfaceOrientationPortraitUpsideDown UIInterfaceOrientationLandscapeLeft UIInterfaceOrientationLandscapeRight";
				INFOPLIST_KEY_UISupportedInterfaceOrientations_iPhone = "UIInterfaceOrientationPortrait UIInterfaceOrientationLandscapeLeft UIInterfaceOrientationLandscapeRight";
				LD_RUNPATH_SEARCH_PATHS = (
					"$(inherited)",
					"@executable_path/Frameworks",
				);
				MARKETING_VERSION = 1.0;
				PRODUCT_BUNDLE_IDENTIFIER = com.emily.StepViewerLite;
				PRODUCT_NAME = "$(TARGET_NAME)";
				SWIFT_EMIT_LOC_STRINGS = YES;
				SWIFT_VERSION = 5.0;
				TARGETED_DEVICE_FAMILY = "1,2";
			};
			name = Debug;
		};
		D34466182B51C65600298C41 /* Release */ = {
			isa = XCBuildConfiguration;
			buildSettings = {
				ASSETCATALOG_COMPILER_APPICON_NAME = AppIcon;
				ASSETCATALOG_COMPILER_GLOBAL_ACCENT_COLOR_NAME = AccentColor;
				CODE_SIGN_STYLE = Automatic;
				CURRENT_PROJECT_VERSION = 1;
				DEVELOPMENT_ASSET_PATHS = "\"StepViewerLite/Preview Content\"";
				DEVELOPMENT_TEAM = PCW2789YWT;
				ENABLE_PREVIEWS = YES;
				GENERATE_INFOPLIST_FILE = YES;
				INFOPLIST_KEY_NSMotionUsageDescription = "StepViewerLite needs to access your device's motion data to show your steps.";
				INFOPLIST_KEY_UIApplicationSceneManifest_Generation = YES;
				INFOPLIST_KEY_UIApplicationSupportsIndirectInputEvents = YES;
				INFOPLIST_KEY_UILaunchScreen_Generation = YES;
				INFOPLIST_KEY_UISupportedInterfaceOrientations_iPad = "UIInterfaceOrientationPortrait UIInterfaceOrientationPortraitUpsideDown UIInterfaceOrientationLandscapeLeft UIInterfaceOrientationLandscapeRight";
				INFOPLIST_KEY_UISupportedInterfaceOrientations_iPhone = "UIInterfaceOrientationPortrait UIInterfaceOrientationLandscapeLeft UIInterfaceOrientationLandscapeRight";
				LD_RUNPATH_SEARCH_PATHS = (
					"$(inherited)",
					"@executable_path/Frameworks",
				);
				MARKETING_VERSION = 1.0;
				PRODUCT_BUNDLE_IDENTIFIER = com.emily.StepViewerLite;
				PRODUCT_NAME = "$(TARGET_NAME)";
				SWIFT_EMIT_LOC_STRINGS = YES;
				SWIFT_VERSION = 5.0;
				TARGETED_DEVICE_FAMILY = "1,2";
			};
			name = Release;
		};
		D344661A2B51C65600298C41 /* Debug */ = {
			isa = XCBuildConfiguration;
			buildSettings = {
				ALWAYS_EMBED_SWIFT_STANDARD_LIBRARIES = YES;
				BUNDLE_LOADER = "$(TEST_HOST)";
				CODE_SIGN_STYLE = Automatic;
				CURRENT_PROJECT_VERSION = 1;
				DEVELOPMENT_TEAM = PCW2789YWT;
				GENERATE_INFOPLIST_FILE = YES;
				IPHONEOS_DEPLOYMENT_TARGET = 17.2;
				MARKETING_VERSION = 1.0;
				PRODUCT_BUNDLE_IDENTIFIER = com.emily.StepViewerLiteTests;
				PRODUCT_NAME = "$(TARGET_NAME)";
				SWIFT_EMIT_LOC_STRINGS = NO;
				SWIFT_VERSION = 5.0;
				TARGETED_DEVICE_FAMILY = "1,2";
				TEST_HOST = "$(BUILT_PRODUCTS_DIR)/StepViewerLite.app/$(BUNDLE_EXECUTABLE_FOLDER_PATH)/StepViewerLite";
			};
			name = Debug;
		};
		D344661B2B51C65600298C41 /* Release */ = {
			isa = XCBuildConfiguration;
			buildSettings = {
				ALWAYS_EMBED_SWIFT_STANDARD_LIBRARIES = YES;
				BUNDLE_LOADER = "$(TEST_HOST)";
				CODE_SIGN_STYLE = Automatic;
				CURRENT_PROJECT_VERSION = 1;
				DEVELOPMENT_TEAM = PCW2789YWT;
				GENERATE_INFOPLIST_FILE = YES;
				IPHONEOS_DEPLOYMENT_TARGET = 17.2;
				MARKETING_VERSION = 1.0;
				PRODUCT_BUNDLE_IDENTIFIER = com.emily.StepViewerLiteTests;
				PRODUCT_NAME = "$(TARGET_NAME)";
				SWIFT_EMIT_LOC_STRINGS = NO;
				SWIFT_VERSION = 5.0;
				TARGETED_DEVICE_FAMILY = "1,2";
				TEST_HOST = "$(BUILT_PRODUCTS_DIR)/StepViewerLite.app/$(BUNDLE_EXECUTABLE_FOLDER_PATH)/StepViewerLite";
			};
			name = Release;
		};
		D344661D2B51C65600298C41 /* Debug */ = {
			isa = XCBuildConfiguration;
			buildSettings = {
				ALWAYS_EMBED_SWIFT_STANDARD_LIBRARIES = YES;
				CODE_SIGN_STYLE = Automatic;
				CURRENT_PROJECT_VERSION = 1;
				DEVELOPMENT_TEAM = PCW2789YWT;
				GENERATE_INFOPLIST_FILE = YES;
				MARKETING_VERSION = 1.0;
				PRODUCT_BUNDLE_IDENTIFIER = com.emily.StepViewerLiteUITests;
				PRODUCT_NAME = "$(TARGET_NAME)";
				SWIFT_EMIT_LOC_STRINGS = NO;
				SWIFT_VERSION = 5.0;
				TARGETED_DEVICE_FAMILY = "1,2";
				TEST_TARGET_NAME = StepViewerLite;
			};
			name = Debug;
		};
		D344661E2B51C65600298C41 /* Release */ = {
			isa = XCBuildConfiguration;
			buildSettings = {
				ALWAYS_EMBED_SWIFT_STANDARD_LIBRARIES = YES;
				CODE_SIGN_STYLE = Automatic;
				CURRENT_PROJECT_VERSION = 1;
				DEVELOPMENT_TEAM = PCW2789YWT;
				GENERATE_INFOPLIST_FILE = YES;
				MARKETING_VERSION = 1.0;
				PRODUCT_BUNDLE_IDENTIFIER = com.emily.StepViewerLiteUITests;
				PRODUCT_NAME = "$(TARGET_NAME)";
				SWIFT_EMIT_LOC_STRINGS = NO;
				SWIFT_VERSION = 5.0;
				TARGETED_DEVICE_FAMILY = "1,2";
				TEST_TARGET_NAME = StepViewerLite;
			};
			name = Release;
		};
/* End XCBuildConfiguration section */

/* Begin XCConfigurationList section */
		D34465ED2B51C65400298C41 /* Build configuration list for PBXProject "StepViewerLite" */ = {
			isa = XCConfigurationList;
			buildConfigurations = (
				D34466142B51C65600298C41 /* Debug */,
				D34466152B51C65600298C41 /* Release */,
			);
			defaultConfigurationIsVisible = 0;
			defaultConfigurationName = Release;
		};
		D34466162B51C65600298C41 /* Build configuration list for PBXNativeTarget "StepViewerLite" */ = {
			isa = XCConfigurationList;
			buildConfigurations = (
				D34466172B51C65600298C41 /* Debug */,
				D34466182B51C65600298C41 /* Release */,
			);
			defaultConfigurationIsVisible = 0;
			defaultConfigurationName = Release;
		};
		D34466192B51C65600298C41 /* Build configuration list for PBXNativeTarget "StepViewerLiteTests" */ = {
			isa = XCConfigurationList;
			buildConfigurations = (
				D344661A2B51C65600298C41 /* Debug */,
				D344661B2B51C65600298C41 /* Release */,
			);
			defaultConfigurationIsVisible = 0;
			defaultConfigurationName = Release;
		};
		D344661C2B51C65600298C41 /* Build configuration list for PBXNativeTarget "StepViewerLiteUITests" */ = {
			isa = XCConfigurationList;
			buildConfigurations = (
				D344661D2B51C65600298C41 /* Debug */,
				D344661E2B51C65600298C41 /* Release */,
			);
			defaultConfigurationIsVisible = 0;
			defaultConfigurationName = Release;
		};
/* End XCConfigurationList section */
	};
	rootObject = D34465EA2B51C65400298C41 /* Project object */;
}
